{
  "name": "imessage-cli",
  "version": "0.1.0",
  "lockfileVersion": 3,
  "requires": true,
  "packages": {
    "": {
      "name": "imessage-cli",
      "version": "0.1.0",
      "bin": {
        "imessage-local": "bin/imessage-cli.js"
      },
      "engines": {
        "node": ">=24"
      }
    }
  }
}
